
Microsoft Visual Studio Solution File, Format Version 12.00
# Visual Studio Version 17
VisualStudioVersion = 17.6.33723.286
MinimumVisualStudioVersion = 10.0.40219.1
Project("{FAE04EC0-301F-11D3-BF4B-00C04F79EFBC}") = "SalesWebMvc", "SalesWebMvc\SalesWebMvc.csproj", "{FA39A7AE-8983-4BFA-BA64-E00E802C4B78}"
EndProject
Global
	GlobalSection(SolutionConfigurationPlatforms) = preSolution
		Debug|Any CPU = Debug|Any CPU
		Release|Any CPU = Release|Any CPU
	EndGlobalSection
	GlobalSection(ProjectConfigurationPlatforms) = postSolution
		{FA39A7AE-8983-4BFA-BA64-E00E802C4B78}.Debug|Any CPU.ActiveCfg = Debug|Any CPU
		{FA39A7AE-8983-4BFA-BA64-E00E802C4B78}.Debug|Any CPU.Build.0 = Debug|Any CPU
		{FA39A7AE-8983-4BFA-BA64-E00E802C4B78}.Release|Any CPU.ActiveCfg = Release|Any CPU
		{FA39A7AE-8983-4BFA-BA64-E00E802C4B78}.Release|Any CPU.Build.0 = Release|Any CPU
	EndGlobalSection
	GlobalSection(SolutionProperties) = preSolution
		HideSolutionNode = FALSE
	EndGlobalSection
	GlobalSection(ExtensibilityGlobals) = postSolution
		SolutionGuid = {FD0F9F56-C39C-4202-B872-D3E6B5215F06}
	EndGlobalSection
EndGlobal
